// !$*UTF8*$!
{
	archiveVersion = 1;
	classes = {
	};
	objectVersion = 55;
	objects = {

/* Begin PBXBuildFile section */
		CF5F7A4728F4ED5700C682F5 /* FirebaseAnalyticsWithoutAdIdSupport in Frameworks */ = {isa = PBXBuildFile; productRef = CF5F7A4628F4ED5700C682F5 /* FirebaseAnalyticsWithoutAdIdSupport */; };
		CF5F7A4928F4ED5700C682F5 /* FirebaseCrashlytics in Frameworks */ = {isa = PBXBuildFile; productRef = CF5F7A4828F4ED5700C682F5 /* FirebaseCrashlytics */; };
		CF5F7A4B28F4ED5700C682F5 /* FirebaseMessaging in Frameworks */ = {isa = PBXBuildFile; productRef = CF5F7A4A28F4ED5700C682F5 /* FirebaseMessaging */; };
		CF5F7A9628F793CC00C682F5 /* Realm in Frameworks */ = {isa = PBXBuildFile; productRef = CF5F7A9528F793CC00C682F5 /* Realm */; };
		CF5F7A9828F793CC00C682F5 /* RealmSwift in Frameworks */ = {isa = PBXBuildFile; productRef = CF5F7A9728F793CC00C682F5 /* RealmSwift */; };
		CF5F7A9B28F799EF00C682F5 /* Todo.swift in Sources */ = {isa = PBXBuildFile; fileRef = CF5F7A9A28F799EF00C682F5 /* Todo.swift */; };
		CF5F7A9D28F79BA600C682F5 /* MigrationViewController.swift in Sources */ = {isa = PBXBuildFile; fileRef = CF5F7A9C28F79BA600C682F5 /* MigrationViewController.swift */; };
		CF99CA2D28ED158B00AF731F /* AppDelegate.swift in Sources */ = {isa = PBXBuildFile; fileRef = CF99CA2C28ED158B00AF731F /* AppDelegate.swift */; };
		CF99CA2F28ED158B00AF731F /* SceneDelegate.swift in Sources */ = {isa = PBXBuildFile; fileRef = CF99CA2E28ED158B00AF731F /* SceneDelegate.swift */; };
		CF99CA3128ED158B00AF731F /* ViewController.swift in Sources */ = {isa = PBXBuildFile; fileRef = CF99CA3028ED158B00AF731F /* ViewController.swift */; };
		CF99CA3428ED158B00AF731F /* Main.storyboard in Resources */ = {isa = PBXBuildFile; fileRef = CF99CA3228ED158B00AF731F /* Main.storyboard */; };
		CF99CA3628ED158D00AF731F /* Assets.xcassets in Resources */ = {isa = PBXBuildFile; fileRef = CF99CA3528ED158D00AF731F /* Assets.xcassets */; };
		CF99CA3928ED158D00AF731F /* LaunchScreen.storyboard in Resources */ = {isa = PBXBuildFile; fileRef = CF99CA3728ED158D00AF731F /* LaunchScreen.storyboard */; };
		CF99CA4128ED1D4E00AF731F /* GoogleService-Info.plist in Resources */ = {isa = PBXBuildFile; fileRef = CF99CA4028ED1D4E00AF731F /* GoogleService-Info.plist */; };
/* End PBXBuildFile section */

/* Begin PBXFileReference section */
		CF5F7A4C28F4F25600C682F5 /* FireBaseExample.entitlements */ = {isa = PBXFileReference; lastKnownFileType = text.plist.entitlements; path = FireBaseExample.entitlements; sourceTree = "<group>"; };
		CF5F7A9A28F799EF00C682F5 /* Todo.swift */ = {isa = PBXFileReference; lastKnownFileType = sourcecode.swift; path = Todo.swift; sourceTree = "<group>"; };
		CF5F7A9C28F79BA600C682F5 /* MigrationViewController.swift */ = {isa = PBXFileReference; lastKnownFileType = sourcecode.swift; path = MigrationViewController.swift; sourceTree = "<group>"; };
		CF99CA2928ED158B00AF731F /* FireBaseExample.app */ = {isa = PBXFileReference; explicitFileType = wrapper.application; includeInIndex = 0; path = FireBaseExample.app; sourceTree = BUILT_PRODUCTS_DIR; };
		CF99CA2C28ED158B00AF731F /* AppDelegate.swift */ = {isa = PBXFileReference; lastKnownFileType = sourcecode.swift; path = AppDelegate.swift; sourceTree = "<group>"; };
		CF99CA2E28ED158B00AF731F /* SceneDelegate.swift */ = {isa = PBXFileReference; lastKnownFileType = sourcecode.swift; path = SceneDelegate.swift; sourceTree = "<group>"; };
		CF99CA3028ED158B00AF731F /* ViewController.swift */ = {isa = PBXFileReference; lastKnownFileType = sourcecode.swift; path = ViewController.swift; sourceTree = "<group>"; };
		CF99CA3328ED158B00AF731F /* Base */ = {isa = PBXFileReference; lastKnownFileType = file.storyboard; name = Base; path = Base.lproj/Main.storyboard; sourceTree = "<group>"; };
		CF99CA3528ED158D00AF731F /* Assets.xcassets */ = {isa = PBXFileReference; lastKnownFileType = folder.assetcatalog; path = Assets.xcassets; sourceTree = "<group>"; };
		CF99CA3828ED158D00AF731F /* Base */ = {isa = PBXFileReference; lastKnownFileType = file.storyboard; name = Base; path = Base.lproj/LaunchScreen.storyboard; sourceTree = "<group>"; };
		CF99CA3A28ED158D00AF731F /* Info.plist */ = {isa = PBXFileReference; lastKnownFileType = text.plist.xml; path = Info.plist; sourceTree = "<group>"; };
		CF99CA4028ED1D4E00AF731F /* GoogleService-Info.plist */ = {isa = PBXFileReference; fileEncoding = 4; lastKnownFileType = text.plist.xml; path = "GoogleService-Info.plist"; sourceTree = "<group>"; };
/* End PBXFileReference section */

/* Begin PBXFrameworksBuildPhase section */
		CF99CA2628ED158B00AF731F /* Frameworks */ = {
			isa = PBXFrameworksBuildPhase;
			buildActionMask = 2147483647;
			files = (
				CF5F7A4B28F4ED5700C682F5 /* FirebaseMessaging in Frameworks */,
				CF5F7A4728F4ED5700C682F5 /* FirebaseAnalyticsWithoutAdIdSupport in Frameworks */,
				CF5F7A9628F793CC00C682F5 /* Realm in Frameworks */,
				CF5F7A9828F793CC00C682F5 /* RealmSwift in Frameworks */,
				CF5F7A4928F4ED5700C682F5 /* FirebaseCrashlytics in Frameworks */,
			);
			runOnlyForDeploymentPostprocessing = 0;
		};
/* End PBXFrameworksBuildPhase section */

/* Begin PBXGroup section */
		CF5F7A9928F799B900C682F5 /* DataBase */ = {
			isa = PBXGroup;
			children = (
				CF5F7A9A28F799EF00C682F5 /* Todo.swift */,
			);
			path = DataBase;
			sourceTree = "<group>";
		};
		CF99CA2028ED158B00AF731F = {
			isa = PBXGroup;
			children = (
				CF99CA2B28ED158B00AF731F /* FireBaseExample */,
				CF99CA2A28ED158B00AF731F /* Products */,
			);
			sourceTree = "<group>";
		};
		CF99CA2A28ED158B00AF731F /* Products */ = {
			isa = PBXGroup;
			children = (
				CF99CA2928ED158B00AF731F /* FireBaseExample.app */,
			);
			name = Products;
			sourceTree = "<group>";
		};
		CF99CA2B28ED158B00AF731F /* FireBaseExample */ = {
			isa = PBXGroup;
			children = (
				CF5F7A9928F799B900C682F5 /* DataBase */,
				CF5F7A4C28F4F25600C682F5 /* FireBaseExample.entitlements */,
				CF99CA2C28ED158B00AF731F /* AppDelegate.swift */,
				CF99CA2E28ED158B00AF731F /* SceneDelegate.swift */,
				CF99CA3028ED158B00AF731F /* ViewController.swift */,
				CF99CA3228ED158B00AF731F /* Main.storyboard */,
				CF99CA3528ED158D00AF731F /* Assets.xcassets */,
				CF99CA3728ED158D00AF731F /* LaunchScreen.storyboard */,
				CF99CA3A28ED158D00AF731F /* Info.plist */,
				CF99CA4028ED1D4E00AF731F /* GoogleService-Info.plist */,
				CF5F7A9C28F79BA600C682F5 /* MigrationViewController.swift */,
			);
			path = FireBaseExample;
			sourceTree = "<group>";
		};
/* End PBXGroup section */

/* Begin PBXNativeTarget section */
		CF99CA2828ED158B00AF731F /* FireBaseExample */ = {
			isa = PBXNativeTarget;
			buildConfigurationList = CF99CA3D28ED158D00AF731F /* Build configuration list for PBXNativeTarget "FireBaseExample" */;
			buildPhases = (
				CF99CA2528ED158B00AF731F /* Sources */,
				CF99CA2628ED158B00AF731F /* Frameworks */,
				CF99CA2728ED158B00AF731F /* Resources */,
				CF99CA4A28ED2E7F00AF731F /* ShellScript */,
			);
			buildRules = (
			);
			dependencies = (
			);
			name = FireBaseExample;
			packageProductDependencies = (
				CF5F7A4628F4ED5700C682F5 /* FirebaseAnalyticsWithoutAdIdSupport */,
				CF5F7A4828F4ED5700C682F5 /* FirebaseCrashlytics */,
				CF5F7A4A28F4ED5700C682F5 /* FirebaseMessaging */,
				CF5F7A9528F793CC00C682F5 /* Realm */,
				CF5F7A9728F793CC00C682F5 /* RealmSwift */,
			);
			productName = FireBaseExample;
			productReference = CF99CA2928ED158B00AF731F /* FireBaseExample.app */;
			productType = "com.apple.product-type.application";
		};
/* End PBXNativeTarget section */

/* Begin PBXProject section */
		CF99CA2128ED158B00AF731F /* Project object */ = {
			isa = PBXProject;
			attributes = {
				BuildIndependentTargetsInParallel = 1;
				LastSwiftUpdateCheck = 1340;
				LastUpgradeCheck = 1340;
				TargetAttributes = {
					CF99CA2828ED158B00AF731F = {
						CreatedOnToolsVersion = 13.4.1;
					};
				};
			};
			buildConfigurationList = CF99CA2428ED158B00AF731F /* Build configuration list for PBXProject "FireBaseExample" */;
			compatibilityVersion = "Xcode 13.0";
			developmentRegion = en;
			hasScannedForEncodings = 0;
			knownRegions = (
				en,
				Base,
			);
			mainGroup = CF99CA2028ED158B00AF731F;
			packageReferences = (
				CF5F7A4528F4ED5700C682F5 /* XCRemoteSwiftPackageReference "firebase-ios-sdk" */,
				CF5F7A9428F793CC00C682F5 /* XCRemoteSwiftPackageReference "realm-swift" */,
			);
			productRefGroup = CF99CA2A28ED158B00AF731F /* Products */;
			projectDirPath = "";
			projectRoot = "";
			targets = (
				CF99CA2828ED158B00AF731F /* FireBaseExample */,
			);
		};
/* End PBXProject section */

/* Begin PBXResourcesBuildPhase section */
		CF99CA2728ED158B00AF731F /* Resources */ = {
			isa = PBXResourcesBuildPhase;
			buildActionMask = 2147483647;
			files = (
				CF99CA3928ED158D00AF731F /* LaunchScreen.storyboard in Resources */,
				CF99CA4128ED1D4E00AF731F /* GoogleService-Info.plist in Resources */,
				CF99CA3628ED158D00AF731F /* Assets.xcassets in Resources */,
				CF99CA3428ED158B00AF731F /* Main.storyboard in Resources */,
			);
			runOnlyForDeploymentPostprocessing = 0;
		};
/* End PBXResourcesBuildPhase section */

/* Begin PBXShellScriptBuildPhase section */
		CF99CA4A28ED2E7F00AF731F /* ShellScript */ = {
			isa = PBXShellScriptBuildPhase;
			buildActionMask = 2147483647;
			files = (
			);
			inputFileListPaths = (
			);
			inputPaths = (
				"${DWARF_DSYM_FOLDER_PATH}/${DWARF_DSYM_FILE_NAME}/Contents/Resources/DWARF/${TARGET_NAME}",
				"$(SRCROOT)/$(BUILT_PRODUCTS_DIR)/$(INFOPLIST_PATH)",
			);
			outputFileListPaths = (
			);
			outputPaths = (
			);
			runOnlyForDeploymentPostprocessing = 0;
			shellPath = /bin/sh;
			shellScript = "# Type a script or drag a script file from your workspace to insert its path.\n\"${BUILD_DIR%/Build/*}/SourcePackages/checkouts/firebase-ios-sdk/Crashlytics/run\"\n";
		};
/* End PBXShellScriptBuildPhase section */

/* Begin PBXSourcesBuildPhase section */
		CF99CA2528ED158B00AF731F /* Sources */ = {
			isa = PBXSourcesBuildPhase;
			buildActionMask = 2147483647;
			files = (
				CF99CA3128ED158B00AF731F /* ViewController.swift in Sources */,
				CF99CA2D28ED158B00AF731F /* AppDelegate.swift in Sources */,
				CF5F7A9D28F79BA600C682F5 /* MigrationViewController.swift in Sources */,
				CF99CA2F28ED158B00AF731F /* SceneDelegate.swift in Sources */,
				CF5F7A9B28F799EF00C682F5 /* Todo.swift in Sources */,
			);
			runOnlyForDeploymentPostprocessing = 0;
		};
/* End PBXSourcesBuildPhase section */

/* Begin PBXVariantGroup section */
		CF99CA3228ED158B00AF731F /* Main.storyboard */ = {
			isa = PBXVariantGroup;
			children = (
				CF99CA3328ED158B00AF731F /* Base */,
			);
			name = Main.storyboard;
			sourceTree = "<group>";
		};
		CF99CA3728ED158D00AF731F /* LaunchScreen.storyboard */ = {
			isa = PBXVariantGroup;
			children = (
				CF99CA3828ED158D00AF731F /* Base */,
			);
			name = LaunchScreen.storyboard;
			sourceTree = "<group>";
		};
/* End PBXVariantGroup section */

/* Begin XCBuildConfiguration section */
		CF99CA3B28ED158D00AF731F /* Debug */ = {
			isa = XCBuildConfiguration;
			buildSettings = {
				ALWAYS_SEARCH_USER_PATHS = NO;
				CLANG_ANALYZER_NONNULL = YES;
				CLANG_ANALYZER_NUMBER_OBJECT_CONVERSION = YES_AGGRESSIVE;
				CLANG_CXX_LANGUAGE_STANDARD = "gnu++17";
				CLANG_ENABLE_MODULES = YES;
				CLANG_ENABLE_OBJC_ARC = YES;
				CLANG_ENABLE_OBJC_WEAK = YES;
				CLANG_WARN_BLOCK_CAPTURE_AUTORELEASING = YES;
				CLANG_WARN_BOOL_CONVERSION = YES;
				CLANG_WARN_COMMA = YES;
				CLANG_WARN_CONSTANT_CONVERSION = YES;
				CLANG_WARN_DEPRECATED_OBJC_IMPLEMENTATIONS = YES;
				CLANG_WARN_DIRECT_OBJC_ISA_USAGE = YES_ERROR;
				CLANG_WARN_DOCUMENTATION_COMMENTS = YES;
				CLANG_WARN_EMPTY_BODY = YES;
				CLANG_WARN_ENUM_CONVERSION = YES;
				CLANG_WARN_INFINITE_RECURSION = YES;
				CLANG_WARN_INT_CONVERSION = YES;
				CLANG_WARN_NON_LITERAL_NULL_CONVERSION = YES;
				CLANG_WARN_OBJC_IMPLICIT_RETAIN_SELF = YES;
				CLANG_WARN_OBJC_LITERAL_CONVERSION = YES;
				CLANG_WARN_OBJC_ROOT_CLASS = YES_ERROR;
				CLANG_WARN_QUOTED_INCLUDE_IN_FRAMEWORK_HEADER = YES;
				CLANG_WARN_RANGE_LOOP_ANALYSIS = YES;
				CLANG_WARN_STRICT_PROTOTYPES = YES;
				CLANG_WARN_SUSPICIOUS_MOVE = YES;
				CLANG_WARN_UNGUARDED_AVAILABILITY = YES_AGGRESSIVE;
				CLANG_WARN_UNREACHABLE_CODE = YES;
				CLANG_WARN__DUPLICATE_METHOD_MATCH = YES;
				COPY_PHASE_STRIP = NO;
				DEBUG_INFORMATION_FORMAT = dwarf;
				ENABLE_STRICT_OBJC_MSGSEND = YES;
				ENABLE_TESTABILITY = YES;
				GCC_C_LANGUAGE_STANDARD = gnu11;
				GCC_DYNAMIC_NO_PIC = NO;
				GCC_NO_COMMON_BLOCKS = YES;
				GCC_OPTIMIZATION_LEVEL = 0;
				GCC_PREPROCESSOR_DEFINITIONS = (
					"DEBUG=1",
					"$(inherited)",
				);
				GCC_WARN_64_TO_32_BIT_CONVERSION = YES;
				GCC_WARN_ABOUT_RETURN_TYPE = YES_ERROR;
				GCC_WARN_UNDECLARED_SELECTOR = YES;
				GCC_WARN_UNINITIALIZED_AUTOS = YES_AGGRESSIVE;
				GCC_WARN_UNUSED_FUNCTION = YES;
				GCC_WARN_UNUSED_VARIABLE = YES;
				IPHONEOS_DEPLOYMENT_TARGET = 15.5;
				MTL_ENABLE_DEBUG_INFO = INCLUDE_SOURCE;
				MTL_FAST_MATH = YES;
				ONLY_ACTIVE_ARCH = YES;
				SDKROOT = iphoneos;
				SWIFT_ACTIVE_COMPILATION_CONDITIONS = DEBUG;
				SWIFT_OPTIMIZATION_LEVEL = "-Onone";
			};
			name = Debug;
		};
		CF99CA3C28ED158D00AF731F /* Release */ = {
			isa = XCBuildConfiguration;
			buildSettings = {
				ALWAYS_SEARCH_USER_PATHS = NO;
				CLANG_ANALYZER_NONNULL = YES;
				CLANG_ANALYZER_NUMBER_OBJECT_CONVERSION = YES_AGGRESSIVE;
				CLANG_CXX_LANGUAGE_STANDARD = "gnu++17";
				CLANG_ENABLE_MODULES = YES;
				CLANG_ENABLE_OBJC_ARC = YES;
				CLANG_ENABLE_OBJC_WEAK = YES;
				CLANG_WARN_BLOCK_CAPTURE_AUTORELEASING = YES;
				CLANG_WARN_BOOL_CONVERSION = YES;
				CLANG_WARN_COMMA = YES;
				CLANG_WARN_CONSTANT_CONVERSION = YES;
				CLANG_WARN_DEPRECATED_OBJC_IMPLEMENTATIONS = YES;
				CLANG_WARN_DIRECT_OBJC_ISA_USAGE = YES_ERROR;
				CLANG_WARN_DOCUMENTATION_COMMENTS = YES;
				CLANG_WARN_EMPTY_BODY = YES;
				CLANG_WARN_ENUM_CONVERSION = YES;
				CLANG_WARN_INFINITE_RECURSION = YES;
				CLANG_WARN_INT_CONVERSION = YES;
				CLANG_WARN_NON_LITERAL_NULL_CONVERSION = YES;
				CLANG_WARN_OBJC_IMPLICIT_RETAIN_SELF = YES;
				CLANG_WARN_OBJC_LITERAL_CONVERSION = YES;
				CLANG_WARN_OBJC_ROOT_CLASS = YES_ERROR;
				CLANG_WARN_QUOTED_INCLUDE_IN_FRAMEWORK_HEADER = YES;
				CLANG_WARN_RANGE_LOOP_ANALYSIS = YES;
				CLANG_WARN_STRICT_PROTOTYPES = YES;
				CLANG_WARN_SUSPICIOUS_MOVE = YES;
				CLANG_WARN_UNGUARDED_AVAILABILITY = YES_AGGRESSIVE;
				CLANG_WARN_UNREACHABLE_CODE = YES;
				CLANG_WARN__DUPLICATE_METHOD_MATCH = YES;
				COPY_PHASE_STRIP = NO;
				DEBUG_INFORMATION_FORMAT = "dwarf-with-dsym";
				ENABLE_NS_ASSERTIONS = NO;
				ENABLE_STRICT_OBJC_MSGSEND = YES;
				GCC_C_LANGUAGE_STANDARD = gnu11;
				GCC_NO_COMMON_BLOCKS = YES;
				GCC_WARN_64_TO_32_BIT_CONVERSION = YES;
				GCC_WARN_ABOUT_RETURN_TYPE = YES_ERROR;
				GCC_WARN_UNDECLARED_SELECTOR = YES;
				GCC_WARN_UNINITIALIZED_AUTOS = YES_AGGRESSIVE;
				GCC_WARN_UNUSED_FUNCTION = YES;
				GCC_WARN_UNUSED_VARIABLE = YES;
				IPHONEOS_DEPLOYMENT_TARGET = 15.5;
				MTL_ENABLE_DEBUG_INFO = NO;
				MTL_FAST_MATH = YES;
				SDKROOT = iphoneos;
				SWIFT_COMPILATION_MODE = wholemodule;
				SWIFT_OPTIMIZATION_LEVEL = "-O";
				VALIDATE_PRODUCT = YES;
			};
			name = Release;
		};
		CF99CA3E28ED158D00AF731F /* Debug */ = {
			isa = XCBuildConfiguration;
			buildSettings = {
				ASSETCATALOG_COMPILER_APPICON_NAME = AppIcon;
				ASSETCATALOG_COMPILER_GLOBAL_ACCENT_COLOR_NAME = AccentColor;
				CODE_SIGN_ENTITLEMENTS = FireBaseExample/FireBaseExample.entitlements;
				CODE_SIGN_STYLE = Automatic;
				CURRENT_PROJECT_VERSION = 1;
				DEBUG_INFORMATION_FORMAT = "dwarf-with-dsym";
				DEVELOPMENT_TEAM = V39QSCSL6T;
				GENERATE_INFOPLIST_FILE = YES;
				INFOPLIST_FILE = FireBaseExample/Info.plist;
				INFOPLIST_KEY_UIApplicationSupportsIndirectInputEvents = YES;
				INFOPLIST_KEY_UILaunchStoryboardName = LaunchScreen;
				INFOPLIST_KEY_UIMainStoryboardFile = Main;
				INFOPLIST_KEY_UISupportedInterfaceOrientations_iPad = "UIInterfaceOrientationPortrait UIInterfaceOrientationPortraitUpsideDown UIInterfaceOrientationLandscapeLeft UIInterfaceOrientationLandscapeRight";
				INFOPLIST_KEY_UISupportedInterfaceOrientations_iPhone = "UIInterfaceOrientationPortrait UIInterfaceOrientationLandscapeLeft UIInterfaceOrientationLandscapeRight";
				LD_RUNPATH_SEARCH_PATHS = (
					"$(inherited)",
					"@executable_path/Frameworks",
				);
				MARKETING_VERSION = 1.0;
				PRODUCT_BUNDLE_IDENTIFIER = com.lec.sesac.FireBaseExample;
				PRODUCT_NAME = "$(TARGET_NAME)";
				SWIFT_EMIT_LOC_STRINGS = YES;
				SWIFT_VERSION = 5.0;
				TARGETED_DEVICE_FAMILY = 1;
			};
			name = Debug;
		};
		CF99CA3F28ED158D00AF731F /* Release */ = {
			isa = XCBuildConfiguration;
			buildSettings = {
				ASSETCATALOG_COMPILER_APPICON_NAME = AppIcon;
				ASSETCATALOG_COMPILER_GLOBAL_ACCENT_COLOR_NAME = AccentColor;
				CODE_SIGN_ENTITLEMENTS = FireBaseExample/FireBaseExample.entitlements;
				CODE_SIGN_STYLE = Automatic;
				CURRENT_PROJECT_VERSION = 1;
				DEVELOPMENT_TEAM = V39QSCSL6T;
				GENERATE_INFOPLIST_FILE = YES;
				INFOPLIST_FILE = FireBaseExample/Info.plist;
				INFOPLIST_KEY_UIApplicationSupportsIndirectInputEvents = YES;
				INFOPLIST_KEY_UILaunchStoryboardName = LaunchScreen;
				INFOPLIST_KEY_UIMainStoryboardFile = Main;
				INFOPLIST_KEY_UISupportedInterfaceOrientations_iPad = "UIInterfaceOrientationPortrait UIInterfaceOrientationPortraitUpsideDown UIInterfaceOrientationLandscapeLeft UIInterfaceOrientationLandscapeRight";
				INFOPLIST_KEY_UISupportedInterfaceOrientations_iPhone = "UIInterfaceOrientationPortrait UIInterfaceOrientationLandscapeLeft UIInterfaceOrientationLandscapeRight";
				LD_RUNPATH_SEARCH_PATHS = (
					"$(inherited)",
					"@executable_path/Frameworks",
				);
				MARKETING_VERSION = 1.0;
				PRODUCT_BUNDLE_IDENTIFIER = com.lec.sesac.FireBaseExample;
				PRODUCT_NAME = "$(TARGET_NAME)";
				SWIFT_EMIT_LOC_STRINGS = YES;
				SWIFT_VERSION = 5.0;
				TARGETED_DEVICE_FAMILY = 1;
			};
			name = Release;
		};
/* End XCBuildConfiguration section */

/* Begin XCConfigurationList section */
		CF99CA2428ED158B00AF731F /* Build configuration list for PBXProject "FireBaseExample" */ = {
			isa = XCConfigurationList;
			buildConfigurations = (
				CF99CA3B28ED158D00AF731F /* Debug */,
				CF99CA3C28ED158D00AF731F /* Release */,
			);
			defaultConfigurationIsVisible = 0;
			defaultConfigurationName = Release;
		};
		CF99CA3D28ED158D00AF731F /* Build configuration list for PBXNativeTarget "FireBaseExample" */ = {
			isa = XCConfigurationList;
			buildConfigurations = (
				CF99CA3E28ED158D00AF731F /* Debug */,
				CF99CA3F28ED158D00AF731F /* Release */,
			);
			defaultConfigurationIsVisible = 0;
			defaultConfigurationName = Release;
		};
/* End XCConfigurationList section */

/* Begin XCRemoteSwiftPackageReference section */
		CF5F7A4528F4ED5700C682F5 /* XCRemoteSwiftPackageReference "firebase-ios-sdk" */ = {
			isa = XCRemoteSwiftPackageReference;
			repositoryURL = "https://github.com/firebase/firebase-ios-sdk";
			requirement = {
				kind = upToNextMajorVersion;
				minimumVersion = 9.0.0;
			};
		};
		CF5F7A9428F793CC00C682F5 /* XCRemoteSwiftPackageReference "realm-swift" */ = {
			isa = XCRemoteSwiftPackageReference;
			repositoryURL = "https://github.com/realm/realm-swift.git";
			requirement = {
				kind = exactVersion;
				version = 10.30.0;
			};
		};
/* End XCRemoteSwiftPackageReference section */

/* Begin XCSwiftPackageProductDependency section */
		CF5F7A4628F4ED5700C682F5 /* FirebaseAnalyticsWithoutAdIdSupport */ = {
			isa = XCSwiftPackageProductDependency;
			package = CF5F7A4528F4ED5700C682F5 /* XCRemoteSwiftPackageReference "firebase-ios-sdk" */;
			productName = FirebaseAnalyticsWithoutAdIdSupport;
		};
		CF5F7A4828F4ED5700C682F5 /* FirebaseCrashlytics */ = {
			isa = XCSwiftPackageProductDependency;
			package = CF5F7A4528F4ED5700C682F5 /* XCRemoteSwiftPackageReference "firebase-ios-sdk" */;
			productName = FirebaseCrashlytics;
		};
		CF5F7A4A28F4ED5700C682F5 /* FirebaseMessaging */ = {
			isa = XCSwiftPackageProductDependency;
			package = CF5F7A4528F4ED5700C682F5 /* XCRemoteSwiftPackageReference "firebase-ios-sdk" */;
			productName = FirebaseMessaging;
		};
		CF5F7A9528F793CC00C682F5 /* Realm */ = {
			isa = XCSwiftPackageProductDependency;
			package = CF5F7A9428F793CC00C682F5 /* XCRemoteSwiftPackageReference "realm-swift" */;
			productName = Realm;
		};
		CF5F7A9728F793CC00C682F5 /* RealmSwift */ = {
			isa = XCSwiftPackageProductDependency;
			package = CF5F7A9428F793CC00C682F5 /* XCRemoteSwiftPackageReference "realm-swift" */;
			productName = RealmSwift;
		};
/* End XCSwiftPackageProductDependency section */
	};
	rootObject = CF99CA2128ED158B00AF731F /* Project object */;
}
